
Microsoft Visual Studio Solution File, Format Version 12.00
# Visual Studio Version 16
VisualStudioVersion = 16.0.34031.81
MinimumVisualStudioVersion = 10.0.40219.1
Project("{FAE04EC0-301F-11D3-BF4B-00C04F79EFBC}") = "LogicalExpressions_1.3", "LogicalExpressions_1.3\LogicalExpressions_1.3.csproj", "{77FD1DCE-FA9D-4AC4-80DF-60D8DAC146F8}"
EndProject
Global
	GlobalSection(SolutionConfigurationPlatforms) = preSolution
		Debug|Any CPU = Debug|Any CPU
		Release|Any CPU = Release|Any CPU
	EndGlobalSection
	GlobalSection(ProjectConfigurationPlatforms) = postSolution
		{77FD1DCE-FA9D-4AC4-80DF-60D8DAC146F8}.Debug|Any CPU.ActiveCfg = Debug|Any CPU
		{77FD1DCE-FA9D-4AC4-80DF-60D8DAC146F8}.Debug|Any CPU.Build.0 = Debug|Any CPU
		{77FD1DCE-FA9D-4AC4-80DF-60D8DAC146F8}.Release|Any CPU.ActiveCfg = Release|Any CPU
		{77FD1DCE-FA9D-4AC4-80DF-60D8DAC146F8}.Release|Any CPU.Build.0 = Release|Any CPU
	EndGlobalSection
	GlobalSection(SolutionProperties) = preSolution
		HideSolutionNode = FALSE
	EndGlobalSection
	GlobalSection(ExtensibilityGlobals) = postSolution
		SolutionGuid = {3054F2CA-B637-45FB-91AA-2665EBA57065}
	EndGlobalSection
EndGlobal
